
Microsoft Visual Studio Solution File, Format Version 12.00
# Visual Studio 15
VisualStudioVersion = 15.0.27130.2024
MinimumVisualStudioVersion = 10.0.40219.1
Project("{FAE04EC0-301F-11D3-BF4B-00C04F79EFBC}") = "Exception_Zadatak1", "Exception_Zadatak1\Exception_Zadatak1.csproj", "{434A8D08-02C3-42D2-ACCD-89D8CFA96BD5}"
EndProject
Global
	GlobalSection(SolutionConfigurationPlatforms) = preSolution
		Debug|Any CPU = Debug|Any CPU
		Release|Any CPU = Release|Any CPU
	EndGlobalSection
	GlobalSection(ProjectConfigurationPlatforms) = postSolution
		{434A8D08-02C3-42D2-ACCD-89D8CFA96BD5}.Debug|Any CPU.ActiveCfg = Debug|Any CPU
		{434A8D08-02C3-42D2-ACCD-89D8CFA96BD5}.Debug|Any CPU.Build.0 = Debug|Any CPU
		{434A8D08-02C3-42D2-ACCD-89D8CFA96BD5}.Release|Any CPU.ActiveCfg = Release|Any CPU
		{434A8D08-02C3-42D2-ACCD-89D8CFA96BD5}.Release|Any CPU.Build.0 = Release|Any CPU
	EndGlobalSection
	GlobalSection(SolutionProperties) = preSolution
		HideSolutionNode = FALSE
	EndGlobalSection
	GlobalSection(ExtensibilityGlobals) = postSolution
		SolutionGuid = {E212B0E6-0B84-4657-AD35-4969E81171D9}
	EndGlobalSection
EndGlobal
