
Microsoft Visual Studio Solution File, Format Version 12.00
# Visual Studio 15
VisualStudioVersion = 15.0.27130.2024
MinimumVisualStudioVersion = 10.0.40219.1
Project("{FAE04EC0-301F-11D3-BF4B-00C04F79EFBC}") = "Kontrolni_Mapa", "Kontrolni_Mapa\Kontrolni_Mapa.csproj", "{B7064A88-007B-44B0-8B87-04EB2B8D35E3}"
EndProject
Global
	GlobalSection(SolutionConfigurationPlatforms) = preSolution
		Debug|Any CPU = Debug|Any CPU
		Release|Any CPU = Release|Any CPU
	EndGlobalSection
	GlobalSection(ProjectConfigurationPlatforms) = postSolution
		{B7064A88-007B-44B0-8B87-04EB2B8D35E3}.Debug|Any CPU.ActiveCfg = Debug|Any CPU
		{B7064A88-007B-44B0-8B87-04EB2B8D35E3}.Debug|Any CPU.Build.0 = Debug|Any CPU
		{B7064A88-007B-44B0-8B87-04EB2B8D35E3}.Release|Any CPU.ActiveCfg = Release|Any CPU
		{B7064A88-007B-44B0-8B87-04EB2B8D35E3}.Release|Any CPU.Build.0 = Release|Any CPU
	EndGlobalSection
	GlobalSection(SolutionProperties) = preSolution
		HideSolutionNode = FALSE
	EndGlobalSection
	GlobalSection(ExtensibilityGlobals) = postSolution
		SolutionGuid = {3C4E038C-98F2-45F0-A876-601452B8F909}
	EndGlobalSection
EndGlobal
