
Microsoft Visual Studio Solution File, Format Version 12.00
# Visual Studio 15
VisualStudioVersion = 15.0.26730.8
MinimumVisualStudioVersion = 10.0.40219.1
Project("{FAE04EC0-301F-11D3-BF4B-00C04F79EFBC}") = "SpregnutaLista", "SpregnutaLista\SpregnutaLista.csproj", "{52A7689C-6C79-43E4-8C00-1D16BB8BF991}"
EndProject
Global
	GlobalSection(SolutionConfigurationPlatforms) = preSolution
		Debug|Any CPU = Debug|Any CPU
		Release|Any CPU = Release|Any CPU
	EndGlobalSection
	GlobalSection(ProjectConfigurationPlatforms) = postSolution
		{52A7689C-6C79-43E4-8C00-1D16BB8BF991}.Debug|Any CPU.ActiveCfg = Debug|Any CPU
		{52A7689C-6C79-43E4-8C00-1D16BB8BF991}.Debug|Any CPU.Build.0 = Debug|Any CPU
		{52A7689C-6C79-43E4-8C00-1D16BB8BF991}.Release|Any CPU.ActiveCfg = Release|Any CPU
		{52A7689C-6C79-43E4-8C00-1D16BB8BF991}.Release|Any CPU.Build.0 = Release|Any CPU
	EndGlobalSection
	GlobalSection(SolutionProperties) = preSolution
		HideSolutionNode = FALSE
	EndGlobalSection
	GlobalSection(ExtensibilityGlobals) = postSolution
		SolutionGuid = {5E662733-194B-4652-8213-26B3BB0A029F}
	EndGlobalSection
EndGlobal
